
Microsoft Visual Studio Solution File, Format Version 12.00
# Visual Studio Version 17
VisualStudioVersion = 17.5.002.0
MinimumVisualStudioVersion = 10.0.40219.1
Project("{9A19103F-16F7-4668-BE54-9A1E7A4F7556}") = "CustomersService.Tests", "CustomersService.Tests.csproj", "{54E02F3D-99C6-41A8-B464-F269F2D1D899}"
EndProject
Global
	GlobalSection(SolutionConfigurationPlatforms) = preSolution
		Debug|Any CPU = Debug|Any CPU
		Release|Any CPU = Release|Any CPU
	EndGlobalSection
	GlobalSection(ProjectConfigurationPlatforms) = postSolution
		{54E02F3D-99C6-41A8-B464-F269F2D1D899}.Debug|Any CPU.ActiveCfg = Debug|Any CPU
		{54E02F3D-99C6-41A8-B464-F269F2D1D899}.Debug|Any CPU.Build.0 = Debug|Any CPU
		{54E02F3D-99C6-41A8-B464-F269F2D1D899}.Release|Any CPU.ActiveCfg = Release|Any CPU
		{54E02F3D-99C6-41A8-B464-F269F2D1D899}.Release|Any CPU.Build.0 = Release|Any CPU
	EndGlobalSection
	GlobalSection(SolutionProperties) = preSolution
		HideSolutionNode = FALSE
	EndGlobalSection
	GlobalSection(ExtensibilityGlobals) = postSolution
		SolutionGuid = {6422BA96-D99B-470F-B3FD-C3FE92AAAA13}
	EndGlobalSection
EndGlobal
